
Microsoft Visual Studio Solution File, Format Version 12.00
# Visual Studio Version 16
VisualStudioVersion = 16.0.31129.286
MinimumVisualStudioVersion = 10.0.40219.1
Project("{FAE04EC0-301F-11D3-BF4B-00C04F79EFBC}") = "BlazorWASM.Head.Server", "BlazorWASM.Head\Server\BlazorWASM.Head.Server.csproj", "{421DFC47-97E5-4145-A473-6DB7BB8D196D}"
EndProject
Project("{FAE04EC0-301F-11D3-BF4B-00C04F79EFBC}") = "BlazorWASM.Head.Client", "BlazorWASM.Head\Client\BlazorWASM.Head.Client.csproj", "{D57CDC73-BDAD-46EE-B25F-509BC30381DF}"
EndProject
Project("{FAE04EC0-301F-11D3-BF4B-00C04F79EFBC}") = "BlazorWASM.Head.Shared", "BlazorWASM.Head\Shared\BlazorWASM.Head.Shared.csproj", "{7D40F73E-6D2D-49B0-95ED-F77C59049720}"
EndProject
Project("{2150E333-8FDC-42A3-9474-1A3956D46DE8}") = ".NET5", ".NET5", "{6154AFE4-02E5-4712-800E-75B53CD9B23E}"
EndProject
Project("{2150E333-8FDC-42A3-9474-1A3956D46DE8}") = ".NETSTANDARD2.1", ".NETSTANDARD2.1", "{45F7F85C-E346-47C2-8E28-4A7E8BB7B9C2}"
EndProject
Project("{FAE04EC0-301F-11D3-BF4B-00C04F79EFBC}") = "BlazorWASM.SharedUI.Head.Server", "BlazorWASM.SharedUI.Head\Server\BlazorWASM.SharedUI.Head.Server.csproj", "{72B81243-6CBF-43C3-8937-1FFBDAEB83A4}"
EndProject
Project("{FAE04EC0-301F-11D3-BF4B-00C04F79EFBC}") = "BlazorWASM.SharedUI.Head.Client", "BlazorWASM.SharedUI.Head\Client\BlazorWASM.SharedUI.Head.Client.csproj", "{ECEE4144-8DB1-4660-9549-856682A37F2C}"
EndProject
Project("{FAE04EC0-301F-11D3-BF4B-00C04F79EFBC}") = "BlazorWASM.SharedUI.Head.Shared", "BlazorWASM.SharedUI.Head\Shared\BlazorWASM.SharedUI.Head.Shared.csproj", "{C59984CB-C58F-4448-8644-1A3AD0C1C0A6}"
EndProject
Project("{9A19103F-16F7-4668-BE54-9A1E7A4F7556}") = "Microsoft.AspNetCore.Components.Web.Extensions", "BlazorWASM.SharedUI.Head\Components.Web.Extensions\Microsoft.AspNetCore.Components.Web.Extensions.csproj", "{5B37CAFB-8359-4C9C-807B-98440489DF38}"
EndProject
Project("{FAE04EC0-301F-11D3-BF4B-00C04F79EFBC}") = "BlazorWASM.SharedUI", "BlazorWASM.SharedUI\BlazorWASM.SharedUI.csproj", "{619FCE6E-2ADD-4A01-9965-36515A344D6C}"
EndProject
Global
	GlobalSection(SolutionConfigurationPlatforms) = preSolution
		Debug|Any CPU = Debug|Any CPU
		Release|Any CPU = Release|Any CPU
	EndGlobalSection
	GlobalSection(ProjectConfigurationPlatforms) = postSolution
		{421DFC47-97E5-4145-A473-6DB7BB8D196D}.Debug|Any CPU.ActiveCfg = Debug|Any CPU
		{421DFC47-97E5-4145-A473-6DB7BB8D196D}.Debug|Any CPU.Build.0 = Debug|Any CPU
		{421DFC47-97E5-4145-A473-6DB7BB8D196D}.Release|Any CPU.ActiveCfg = Release|Any CPU
		{421DFC47-97E5-4145-A473-6DB7BB8D196D}.Release|Any CPU.Build.0 = Release|Any CPU
		{D57CDC73-BDAD-46EE-B25F-509BC30381DF}.Debug|Any CPU.ActiveCfg = Debug|Any CPU
		{D57CDC73-BDAD-46EE-B25F-509BC30381DF}.Debug|Any CPU.Build.0 = Debug|Any CPU
		{D57CDC73-BDAD-46EE-B25F-509BC30381DF}.Release|Any CPU.ActiveCfg = Release|Any CPU
		{D57CDC73-BDAD-46EE-B25F-509BC30381DF}.Release|Any CPU.Build.0 = Release|Any CPU
		{7D40F73E-6D2D-49B0-95ED-F77C59049720}.Debug|Any CPU.ActiveCfg = Debug|Any CPU
		{7D40F73E-6D2D-49B0-95ED-F77C59049720}.Debug|Any CPU.Build.0 = Debug|Any CPU
		{7D40F73E-6D2D-49B0-95ED-F77C59049720}.Release|Any CPU.ActiveCfg = Release|Any CPU
		{7D40F73E-6D2D-49B0-95ED-F77C59049720}.Release|Any CPU.Build.0 = Release|Any CPU
		{72B81243-6CBF-43C3-8937-1FFBDAEB83A4}.Debug|Any CPU.ActiveCfg = Debug|Any CPU
		{72B81243-6CBF-43C3-8937-1FFBDAEB83A4}.Debug|Any CPU.Build.0 = Debug|Any CPU
		{72B81243-6CBF-43C3-8937-1FFBDAEB83A4}.Release|Any CPU.ActiveCfg = Release|Any CPU
		{72B81243-6CBF-43C3-8937-1FFBDAEB83A4}.Release|Any CPU.Build.0 = Release|Any CPU
		{ECEE4144-8DB1-4660-9549-856682A37F2C}.Debug|Any CPU.ActiveCfg = Debug|Any CPU
		{ECEE4144-8DB1-4660-9549-856682A37F2C}.Debug|Any CPU.Build.0 = Debug|Any CPU
		{ECEE4144-8DB1-4660-9549-856682A37F2C}.Release|Any CPU.ActiveCfg = Release|Any CPU
		{ECEE4144-8DB1-4660-9549-856682A37F2C}.Release|Any CPU.Build.0 = Release|Any CPU
		{C59984CB-C58F-4448-8644-1A3AD0C1C0A6}.Debug|Any CPU.ActiveCfg = Debug|Any CPU
		{C59984CB-C58F-4448-8644-1A3AD0C1C0A6}.Debug|Any CPU.Build.0 = Debug|Any CPU
		{C59984CB-C58F-4448-8644-1A3AD0C1C0A6}.Release|Any CPU.ActiveCfg = Release|Any CPU
		{C59984CB-C58F-4448-8644-1A3AD0C1C0A6}.Release|Any CPU.Build.0 = Release|Any CPU
		{5B37CAFB-8359-4C9C-807B-98440489DF38}.Debug|Any CPU.ActiveCfg = Debug|Any CPU
		{5B37CAFB-8359-4C9C-807B-98440489DF38}.Debug|Any CPU.Build.0 = Debug|Any CPU
		{5B37CAFB-8359-4C9C-807B-98440489DF38}.Release|Any CPU.ActiveCfg = Release|Any CPU
		{5B37CAFB-8359-4C9C-807B-98440489DF38}.Release|Any CPU.Build.0 = Release|Any CPU
		{619FCE6E-2ADD-4A01-9965-36515A344D6C}.Debug|Any CPU.ActiveCfg = Debug|Any CPU
		{619FCE6E-2ADD-4A01-9965-36515A344D6C}.Debug|Any CPU.Build.0 = Debug|Any CPU
		{619FCE6E-2ADD-4A01-9965-36515A344D6C}.Release|Any CPU.ActiveCfg = Release|Any CPU
		{619FCE6E-2ADD-4A01-9965-36515A344D6C}.Release|Any CPU.Build.0 = Release|Any CPU
	EndGlobalSection
	GlobalSection(SolutionProperties) = preSolution
		HideSolutionNode = FALSE
	EndGlobalSection
	GlobalSection(NestedProjects) = preSolution
		{421DFC47-97E5-4145-A473-6DB7BB8D196D} = {6154AFE4-02E5-4712-800E-75B53CD9B23E}
		{D57CDC73-BDAD-46EE-B25F-509BC30381DF} = {6154AFE4-02E5-4712-800E-75B53CD9B23E}
		{7D40F73E-6D2D-49B0-95ED-F77C59049720} = {6154AFE4-02E5-4712-800E-75B53CD9B23E}
		{72B81243-6CBF-43C3-8937-1FFBDAEB83A4} = {45F7F85C-E346-47C2-8E28-4A7E8BB7B9C2}
		{ECEE4144-8DB1-4660-9549-856682A37F2C} = {45F7F85C-E346-47C2-8E28-4A7E8BB7B9C2}
		{C59984CB-C58F-4448-8644-1A3AD0C1C0A6} = {45F7F85C-E346-47C2-8E28-4A7E8BB7B9C2}
		{5B37CAFB-8359-4C9C-807B-98440489DF38} = {45F7F85C-E346-47C2-8E28-4A7E8BB7B9C2}
		{619FCE6E-2ADD-4A01-9965-36515A344D6C} = {45F7F85C-E346-47C2-8E28-4A7E8BB7B9C2}
	EndGlobalSection
	GlobalSection(ExtensibilityGlobals) = postSolution
		SolutionGuid = {24B96EBC-25A1-4F5F-9921-287F31B337A0}
	EndGlobalSection
EndGlobal
